
Microsoft Visual Studio Solution File, Format Version 12.00
# Visual Studio 15
VisualStudioVersion = 15.0.28010.2041
MinimumVisualStudioVersion = 10.0.40219.1
Project("{FAE04EC0-301F-11D3-BF4B-00C04F79EFBC}") = "SOW.Automation.Common", "SOW.Automation.Common\SOW.Automation.Common.csproj", "{2D2C3320-8EB2-4DCB-8160-3CE5D4A8A668}"
EndProject
Project("{FAE04EC0-301F-11D3-BF4B-00C04F79EFBC}") = "SOW.Automation.Driver.Selenium", "SOW.Automation.Driver.Selenium\SOW.Automation.Driver.Selenium.csproj", "{ECFB5C72-5CB0-4D47-9410-A367F0740CB6}"
EndProject
Project("{FAE04EC0-301F-11D3-BF4B-00C04F79EFBC}") = "SOW.Automation.Service.Web", "SOW.Automation.Service.Web\SOW.Automation.Service.Web.csproj", "{78162E7F-07AF-43FE-A378-F3B459B319AB}"
EndProject
Project("{FAE04EC0-301F-11D3-BF4B-00C04F79EFBC}") = "SOW.Automation.Interface.DLx", "SOW.Automation.Interface.DLx\SOW.Automation.Interface.DLx.csproj", "{2BE5C268-3315-4B28-8042-F625803597E6}"
EndProject
Project("{FAE04EC0-301F-11D3-BF4B-00C04F79EFBC}") = "SOW.Automation.Service.Desktop", "SOW.Automation.Service.Desktop\SOW.Automation.Service.Desktop.csproj", "{7C3476CA-9BFA-4F06-8748-E663664CE97D}"
EndProject
Project("{FAE04EC0-301F-11D3-BF4B-00C04F79EFBC}") = "SOW.Automation.Driver.TestStack", "SOW.Automation.Driver.TestStack\SOW.Automation.Driver.TestStack.csproj", "{177D9645-7DEE-4BF2-B066-FB0FB2ECAC3C}"
EndProject
Project("{FAE04EC0-301F-11D3-BF4B-00C04F79EFBC}") = "SOW.Automation.Driver.Sikuli", "SOW.Automation.Driver.Sikuli\SOW.Automation.Driver.Sikuli.csproj", "{429059C5-CAB2-431A-AE9D-530BCBBFAD02}"
EndProject
Project("{FAE04EC0-301F-11D3-BF4B-00C04F79EFBC}") = "SOW.Automation.Service.OCR", "SOW.Automation.Service.OCR\SOW.Automation.Service.OCR.csproj", "{8664622F-B1CB-4358-93BA-7F218E067820}"
EndProject
Project("{FAE04EC0-301F-11D3-BF4B-00C04F79EFBC}") = "SOW.Automation.Driver.Office", "SOW.Automation.Driver.Office\SOW.Automation.Driver.Office.csproj", "{A1444616-2EDE-47E8-9701-1CF2F34C9DA8}"
EndProject
Project("{FAE04EC0-301F-11D3-BF4B-00C04F79EFBC}") = "SOW.Orchestration.Workflow", "SOW.Orchestration.Workflow\SOW.Orchestration.Workflow.csproj", "{E3C94770-8941-42BE-A849-30E215DD816C}"
EndProject
Project("{FAE04EC0-301F-11D3-BF4B-00C04F79EFBC}") = "SOW.Automation.Workflow.DHL", "SOW.Automation.Workflow.DHL\SOW.Automation.Workflow.DHL.csproj", "{0B849C96-B02C-4B6A-860B-E3B1EE1C8C94}"
EndProject
Project("{FAE04EC0-301F-11D3-BF4B-00C04F79EFBC}") = "SOW.Automation.Robot.DHL", "SOW.Automation.Robot.DHL\SOW.Automation.Robot.DHL.csproj", "{F3F68B45-56B8-48A8-9490-F585328017ED}"
EndProject
Global
	GlobalSection(SolutionConfigurationPlatforms) = preSolution
		Debug|Any CPU = Debug|Any CPU
		Release|Any CPU = Release|Any CPU
	EndGlobalSection
	GlobalSection(ProjectConfigurationPlatforms) = postSolution
		{2D2C3320-8EB2-4DCB-8160-3CE5D4A8A668}.Debug|Any CPU.ActiveCfg = Debug|Any CPU
		{2D2C3320-8EB2-4DCB-8160-3CE5D4A8A668}.Debug|Any CPU.Build.0 = Debug|Any CPU
		{2D2C3320-8EB2-4DCB-8160-3CE5D4A8A668}.Release|Any CPU.ActiveCfg = Release|Any CPU
		{2D2C3320-8EB2-4DCB-8160-3CE5D4A8A668}.Release|Any CPU.Build.0 = Release|Any CPU
		{ECFB5C72-5CB0-4D47-9410-A367F0740CB6}.Debug|Any CPU.ActiveCfg = Debug|Any CPU
		{ECFB5C72-5CB0-4D47-9410-A367F0740CB6}.Debug|Any CPU.Build.0 = Debug|Any CPU
		{ECFB5C72-5CB0-4D47-9410-A367F0740CB6}.Release|Any CPU.ActiveCfg = Release|Any CPU
		{ECFB5C72-5CB0-4D47-9410-A367F0740CB6}.Release|Any CPU.Build.0 = Release|Any CPU
		{78162E7F-07AF-43FE-A378-F3B459B319AB}.Debug|Any CPU.ActiveCfg = Debug|Any CPU
		{78162E7F-07AF-43FE-A378-F3B459B319AB}.Debug|Any CPU.Build.0 = Debug|Any CPU
		{78162E7F-07AF-43FE-A378-F3B459B319AB}.Release|Any CPU.ActiveCfg = Release|Any CPU
		{78162E7F-07AF-43FE-A378-F3B459B319AB}.Release|Any CPU.Build.0 = Release|Any CPU
		{2BE5C268-3315-4B28-8042-F625803597E6}.Debug|Any CPU.ActiveCfg = Debug|Any CPU
		{2BE5C268-3315-4B28-8042-F625803597E6}.Debug|Any CPU.Build.0 = Debug|Any CPU
		{2BE5C268-3315-4B28-8042-F625803597E6}.Release|Any CPU.ActiveCfg = Release|Any CPU
		{2BE5C268-3315-4B28-8042-F625803597E6}.Release|Any CPU.Build.0 = Release|Any CPU
		{7C3476CA-9BFA-4F06-8748-E663664CE97D}.Debug|Any CPU.ActiveCfg = Debug|Any CPU
		{7C3476CA-9BFA-4F06-8748-E663664CE97D}.Debug|Any CPU.Build.0 = Debug|Any CPU
		{7C3476CA-9BFA-4F06-8748-E663664CE97D}.Release|Any CPU.ActiveCfg = Release|Any CPU
		{7C3476CA-9BFA-4F06-8748-E663664CE97D}.Release|Any CPU.Build.0 = Release|Any CPU
		{177D9645-7DEE-4BF2-B066-FB0FB2ECAC3C}.Debug|Any CPU.ActiveCfg = Debug|Any CPU
		{177D9645-7DEE-4BF2-B066-FB0FB2ECAC3C}.Debug|Any CPU.Build.0 = Debug|Any CPU
		{177D9645-7DEE-4BF2-B066-FB0FB2ECAC3C}.Release|Any CPU.ActiveCfg = Release|Any CPU
		{177D9645-7DEE-4BF2-B066-FB0FB2ECAC3C}.Release|Any CPU.Build.0 = Release|Any CPU
		{429059C5-CAB2-431A-AE9D-530BCBBFAD02}.Debug|Any CPU.ActiveCfg = Debug|Any CPU
		{429059C5-CAB2-431A-AE9D-530BCBBFAD02}.Debug|Any CPU.Build.0 = Debug|Any CPU
		{429059C5-CAB2-431A-AE9D-530BCBBFAD02}.Release|Any CPU.ActiveCfg = Release|Any CPU
		{429059C5-CAB2-431A-AE9D-530BCBBFAD02}.Release|Any CPU.Build.0 = Release|Any CPU
		{8664622F-B1CB-4358-93BA-7F218E067820}.Debug|Any CPU.ActiveCfg = Debug|Any CPU
		{8664622F-B1CB-4358-93BA-7F218E067820}.Debug|Any CPU.Build.0 = Debug|Any CPU
		{8664622F-B1CB-4358-93BA-7F218E067820}.Release|Any CPU.ActiveCfg = Release|Any CPU
		{8664622F-B1CB-4358-93BA-7F218E067820}.Release|Any CPU.Build.0 = Release|Any CPU
		{A1444616-2EDE-47E8-9701-1CF2F34C9DA8}.Debug|Any CPU.ActiveCfg = Debug|Any CPU
		{A1444616-2EDE-47E8-9701-1CF2F34C9DA8}.Release|Any CPU.ActiveCfg = Release|Any CPU
		{A1444616-2EDE-47E8-9701-1CF2F34C9DA8}.Release|Any CPU.Build.0 = Release|Any CPU
		{E3C94770-8941-42BE-A849-30E215DD816C}.Debug|Any CPU.ActiveCfg = Debug|Any CPU
		{E3C94770-8941-42BE-A849-30E215DD816C}.Debug|Any CPU.Build.0 = Debug|Any CPU
		{E3C94770-8941-42BE-A849-30E215DD816C}.Release|Any CPU.ActiveCfg = Release|Any CPU
		{E3C94770-8941-42BE-A849-30E215DD816C}.Release|Any CPU.Build.0 = Release|Any CPU
		{0B849C96-B02C-4B6A-860B-E3B1EE1C8C94}.Debug|Any CPU.ActiveCfg = Debug|Any CPU
		{0B849C96-B02C-4B6A-860B-E3B1EE1C8C94}.Debug|Any CPU.Build.0 = Debug|Any CPU
		{0B849C96-B02C-4B6A-860B-E3B1EE1C8C94}.Release|Any CPU.ActiveCfg = Release|Any CPU
		{0B849C96-B02C-4B6A-860B-E3B1EE1C8C94}.Release|Any CPU.Build.0 = Release|Any CPU
		{F3F68B45-56B8-48A8-9490-F585328017ED}.Debug|Any CPU.ActiveCfg = Debug|Any CPU
		{F3F68B45-56B8-48A8-9490-F585328017ED}.Debug|Any CPU.Build.0 = Debug|Any CPU
		{F3F68B45-56B8-48A8-9490-F585328017ED}.Release|Any CPU.ActiveCfg = Release|Any CPU
		{F3F68B45-56B8-48A8-9490-F585328017ED}.Release|Any CPU.Build.0 = Release|Any CPU
	EndGlobalSection
	GlobalSection(SolutionProperties) = preSolution
		HideSolutionNode = FALSE
	EndGlobalSection
	GlobalSection(ExtensibilityGlobals) = postSolution
		SolutionGuid = {C27DD93D-C2E3-40C5-90DA-65D88EEC973A}
	EndGlobalSection
EndGlobal
